// !$*UTF8*$!
{
	archiveVersion = 1;
	classes = {
	};
	objectVersion = 56;
	objects = {

/* Begin PBXBuildFile section */
		6D808B912B270BB7006C245E /* ResultType.swift in Sources */ = {isa = PBXBuildFile; fileRef = 6D808B902B270BB7006C245E /* ResultType.swift */; };
		6D9926182B14A37D00AB96D7 /* ResultView.swift in Sources */ = {isa = PBXBuildFile; fileRef = 6D9926172B14A37D00AB96D7 /* ResultView.swift */; };
		6D99261B2B14A66300AB96D7 /* ResultsViewModel.swift in Sources */ = {isa = PBXBuildFile; fileRef = 6D99261A2B14A66300AB96D7 /* ResultsViewModel.swift */; };
		6D99261D2B14A90E00AB96D7 /* Landmark.swift in Sources */ = {isa = PBXBuildFile; fileRef = 6D99261C2B14A90E00AB96D7 /* Landmark.swift */; };
		6DCB575C2B1F3AFF005E4DBD /* GameStat.swift in Sources */ = {isa = PBXBuildFile; fileRef = 6DCB575B2B1F3AFF005E4DBD /* GameStat.swift */; };
		6DD795D32AFA3F3900108C59 /* Black_Jack_CodeCampApp.swift in Sources */ = {isa = PBXBuildFile; fileRef = 6DD795D22AFA3F3900108C59 /* Black_Jack_CodeCampApp.swift */; };
		6DD795D52AFA3F3900108C59 /* MainView.swift in Sources */ = {isa = PBXBuildFile; fileRef = 6DD795D42AFA3F3900108C59 /* MainView.swift */; };
		6DD795D92AFA3F3A00108C59 /* Assets.xcassets in Resources */ = {isa = PBXBuildFile; fileRef = 6DD795D82AFA3F3A00108C59 /* Assets.xcassets */; };
		6DD795DC2AFA3F3A00108C59 /* Preview Assets.xcassets in Resources */ = {isa = PBXBuildFile; fileRef = 6DD795DB2AFA3F3A00108C59 /* Preview Assets.xcassets */; };
		6DD795E62AFA3F3A00108C59 /* Black_Jack_CodeCampTests.swift in Sources */ = {isa = PBXBuildFile; fileRef = 6DD795E52AFA3F3A00108C59 /* Black_Jack_CodeCampTests.swift */; };
		6DD795F02AFA3F3A00108C59 /* Black_Jack_CodeCampUITests.swift in Sources */ = {isa = PBXBuildFile; fileRef = 6DD795EF2AFA3F3A00108C59 /* Black_Jack_CodeCampUITests.swift */; };
		6DD795F22AFA3F3A00108C59 /* Black_Jack_CodeCampUITestsLaunchTests.swift in Sources */ = {isa = PBXBuildFile; fileRef = 6DD795F12AFA3F3A00108C59 /* Black_Jack_CodeCampUITestsLaunchTests.swift */; };
/* End PBXBuildFile section */

/* Begin PBXContainerItemProxy section */
		6DD795E22AFA3F3A00108C59 /* PBXContainerItemProxy */ = {
			isa = PBXContainerItemProxy;
			containerPortal = 6DD795C72AFA3F3900108C59 /* Project object */;
			proxyType = 1;
			remoteGlobalIDString = 6DD795CE2AFA3F3900108C59;
			remoteInfo = "Black Jack CodeCamp";
		};
		6DD795EC2AFA3F3A00108C59 /* PBXContainerItemProxy */ = {
			isa = PBXContainerItemProxy;
			containerPortal = 6DD795C72AFA3F3900108C59 /* Project object */;
			proxyType = 1;
			remoteGlobalIDString = 6DD795CE2AFA3F3900108C59;
			remoteInfo = "Black Jack CodeCamp";
		};
/* End PBXContainerItemProxy section */

/* Begin PBXFileReference section */
		6D808B902B270BB7006C245E /* ResultType.swift */ = {isa = PBXFileReference; lastKnownFileType = sourcecode.swift; path = ResultType.swift; sourceTree = "<group>"; };
		6D9926172B14A37D00AB96D7 /* ResultView.swift */ = {isa = PBXFileReference; lastKnownFileType = sourcecode.swift; path = ResultView.swift; sourceTree = "<group>"; };
		6D99261A2B14A66300AB96D7 /* ResultsViewModel.swift */ = {isa = PBXFileReference; lastKnownFileType = sourcecode.swift; path = ResultsViewModel.swift; sourceTree = "<group>"; };
		6D99261C2B14A90E00AB96D7 /* Landmark.swift */ = {isa = PBXFileReference; lastKnownFileType = sourcecode.swift; path = Landmark.swift; sourceTree = "<group>"; };
		6DCB575B2B1F3AFF005E4DBD /* GameStat.swift */ = {isa = PBXFileReference; lastKnownFileType = sourcecode.swift; path = GameStat.swift; sourceTree = "<group>"; };
		6DD795CF2AFA3F3900108C59 /* Black Jack CodeCamp.app */ = {isa = PBXFileReference; explicitFileType = wrapper.application; includeInIndex = 0; path = "Black Jack CodeCamp.app"; sourceTree = BUILT_PRODUCTS_DIR; };
		6DD795D22AFA3F3900108C59 /* Black_Jack_CodeCampApp.swift */ = {isa = PBXFileReference; lastKnownFileType = sourcecode.swift; path = Black_Jack_CodeCampApp.swift; sourceTree = "<group>"; };
		6DD795D42AFA3F3900108C59 /* MainView.swift */ = {isa = PBXFileReference; lastKnownFileType = sourcecode.swift; path = MainView.swift; sourceTree = "<group>"; };
		6DD795D82AFA3F3A00108C59 /* Assets.xcassets */ = {isa = PBXFileReference; lastKnownFileType = folder.assetcatalog; path = Assets.xcassets; sourceTree = "<group>"; };
		6DD795DB2AFA3F3A00108C59 /* Preview Assets.xcassets */ = {isa = PBXFileReference; lastKnownFileType = folder.assetcatalog; path = "Preview Assets.xcassets"; sourceTree = "<group>"; };
		6DD795E12AFA3F3A00108C59 /* Black Jack CodeCampTests.xctest */ = {isa = PBXFileReference; explicitFileType = wrapper.cfbundle; includeInIndex = 0; path = "Black Jack CodeCampTests.xctest"; sourceTree = BUILT_PRODUCTS_DIR; };
		6DD795E52AFA3F3A00108C59 /* Black_Jack_CodeCampTests.swift */ = {isa = PBXFileReference; lastKnownFileType = sourcecode.swift; path = Black_Jack_CodeCampTests.swift; sourceTree = "<group>"; };
		6DD795EB2AFA3F3A00108C59 /* Black Jack CodeCampUITests.xctest */ = {isa = PBXFileReference; explicitFileType = wrapper.cfbundle; includeInIndex = 0; path = "Black Jack CodeCampUITests.xctest"; sourceTree = BUILT_PRODUCTS_DIR; };
		6DD795EF2AFA3F3A00108C59 /* Black_Jack_CodeCampUITests.swift */ = {isa = PBXFileReference; lastKnownFileType = sourcecode.swift; path = Black_Jack_CodeCampUITests.swift; sourceTree = "<group>"; };
		6DD795F12AFA3F3A00108C59 /* Black_Jack_CodeCampUITestsLaunchTests.swift */ = {isa = PBXFileReference; lastKnownFileType = sourcecode.swift; path = Black_Jack_CodeCampUITestsLaunchTests.swift; sourceTree = "<group>"; };
/* End PBXFileReference section */

/* Begin PBXFrameworksBuildPhase section */
		6DD795CC2AFA3F3900108C59 /* Frameworks */ = {
			isa = PBXFrameworksBuildPhase;
			buildActionMask = 2147483647;
			files = (
			);
			runOnlyForDeploymentPostprocessing = 0;
		};
		6DD795DE2AFA3F3A00108C59 /* Frameworks */ = {
			isa = PBXFrameworksBuildPhase;
			buildActionMask = 2147483647;
			files = (
			);
			runOnlyForDeploymentPostprocessing = 0;
		};
		6DD795E82AFA3F3A00108C59 /* Frameworks */ = {
			isa = PBXFrameworksBuildPhase;
			buildActionMask = 2147483647;
			files = (
			);
			runOnlyForDeploymentPostprocessing = 0;
		};
/* End PBXFrameworksBuildPhase section */

/* Begin PBXGroup section */
		6D9926192B14A64200AB96D7 /* ViewModel */ = {
			isa = PBXGroup;
			children = (
				6D99261A2B14A66300AB96D7 /* ResultsViewModel.swift */,
			);
			path = ViewModel;
			sourceTree = "<group>";
		};
		6DD795C62AFA3F3900108C59 = {
			isa = PBXGroup;
			children = (
				6DD795D12AFA3F3900108C59 /* Black Jack CodeCamp */,
				6DD795E42AFA3F3A00108C59 /* Black Jack CodeCampTests */,
				6DD795EE2AFA3F3A00108C59 /* Black Jack CodeCampUITests */,
				6DD795D02AFA3F3900108C59 /* Products */,
			);
			sourceTree = "<group>";
		};
		6DD795D02AFA3F3900108C59 /* Products */ = {
			isa = PBXGroup;
			children = (
				6DD795CF2AFA3F3900108C59 /* Black Jack CodeCamp.app */,
				6DD795E12AFA3F3A00108C59 /* Black Jack CodeCampTests.xctest */,
				6DD795EB2AFA3F3A00108C59 /* Black Jack CodeCampUITests.xctest */,
			);
			name = Products;
			sourceTree = "<group>";
		};
		6DD795D12AFA3F3900108C59 /* Black Jack CodeCamp */ = {
			isa = PBXGroup;
			children = (
				6D9926192B14A64200AB96D7 /* ViewModel */,
				6DD795FF2AFA3F9100108C59 /* View */,
				6DD795FE2AFA3F8900108C59 /* Model */,
				6DD795D82AFA3F3A00108C59 /* Assets.xcassets */,
				6DD795DA2AFA3F3A00108C59 /* Preview Content */,
			);
			path = "Black Jack CodeCamp";
			sourceTree = "<group>";
		};
		6DD795DA2AFA3F3A00108C59 /* Preview Content */ = {
			isa = PBXGroup;
			children = (
				6DD795DB2AFA3F3A00108C59 /* Preview Assets.xcassets */,
			);
			path = "Preview Content";
			sourceTree = "<group>";
		};
		6DD795E42AFA3F3A00108C59 /* Black Jack CodeCampTests */ = {
			isa = PBXGroup;
			children = (
				6DD795E52AFA3F3A00108C59 /* Black_Jack_CodeCampTests.swift */,
			);
			path = "Black Jack CodeCampTests";
			sourceTree = "<group>";
		};
		6DD795EE2AFA3F3A00108C59 /* Black Jack CodeCampUITests */ = {
			isa = PBXGroup;
			children = (
				6DD795EF2AFA3F3A00108C59 /* Black_Jack_CodeCampUITests.swift */,
				6DD795F12AFA3F3A00108C59 /* Black_Jack_CodeCampUITestsLaunchTests.swift */,
			);
			path = "Black Jack CodeCampUITests";
			sourceTree = "<group>";
		};
		6DD795FE2AFA3F8900108C59 /* Model */ = {
			isa = PBXGroup;
			children = (
				6DD795D22AFA3F3900108C59 /* Black_Jack_CodeCampApp.swift */,
				6D99261C2B14A90E00AB96D7 /* Landmark.swift */,
				6DCB575B2B1F3AFF005E4DBD /* GameStat.swift */,
				6D808B902B270BB7006C245E /* ResultType.swift */,
			);
			path = Model;
			sourceTree = "<group>";
		};
		6DD795FF2AFA3F9100108C59 /* View */ = {
			isa = PBXGroup;
			children = (
				6DD795D42AFA3F3900108C59 /* MainView.swift */,
				6D9926172B14A37D00AB96D7 /* ResultView.swift */,
			);
			path = View;
			sourceTree = "<group>";
		};
/* End PBXGroup section */

/* Begin PBXNativeTarget section */
		6DD795CE2AFA3F3900108C59 /* Black Jack CodeCamp */ = {
			isa = PBXNativeTarget;
			buildConfigurationList = 6DD795F52AFA3F3A00108C59 /* Build configuration list for PBXNativeTarget "Black Jack CodeCamp" */;
			buildPhases = (
				6DD795CB2AFA3F3900108C59 /* Sources */,
				6DD795CC2AFA3F3900108C59 /* Frameworks */,
				6DD795CD2AFA3F3900108C59 /* Resources */,
			);
			buildRules = (
			);
			dependencies = (
			);
			name = "Black Jack CodeCamp";
			productName = "Black Jack CodeCamp";
			productReference = 6DD795CF2AFA3F3900108C59 /* Black Jack CodeCamp.app */;
			productType = "com.apple.product-type.application";
		};
		6DD795E02AFA3F3A00108C59 /* Black Jack CodeCampTests */ = {
			isa = PBXNativeTarget;
			buildConfigurationList = 6DD795F82AFA3F3A00108C59 /* Build configuration list for PBXNativeTarget "Black Jack CodeCampTests" */;
			buildPhases = (
				6DD795DD2AFA3F3A00108C59 /* Sources */,
				6DD795DE2AFA3F3A00108C59 /* Frameworks */,
				6DD795DF2AFA3F3A00108C59 /* Resources */,
			);
			buildRules = (
			);
			dependencies = (
				6DD795E32AFA3F3A00108C59 /* PBXTargetDependency */,
			);
			name = "Black Jack CodeCampTests";
			productName = "Black Jack CodeCampTests";
			productReference = 6DD795E12AFA3F3A00108C59 /* Black Jack CodeCampTests.xctest */;
			productType = "com.apple.product-type.bundle.unit-test";
		};
		6DD795EA2AFA3F3A00108C59 /* Black Jack CodeCampUITests */ = {
			isa = PBXNativeTarget;
			buildConfigurationList = 6DD795FB2AFA3F3A00108C59 /* Build configuration list for PBXNativeTarget "Black Jack CodeCampUITests" */;
			buildPhases = (
				6DD795E72AFA3F3A00108C59 /* Sources */,
				6DD795E82AFA3F3A00108C59 /* Frameworks */,
				6DD795E92AFA3F3A00108C59 /* Resources */,
			);
			buildRules = (
			);
			dependencies = (
				6DD795ED2AFA3F3A00108C59 /* PBXTargetDependency */,
			);
			name = "Black Jack CodeCampUITests";
			productName = "Black Jack CodeCampUITests";
			productReference = 6DD795EB2AFA3F3A00108C59 /* Black Jack CodeCampUITests.xctest */;
			productType = "com.apple.product-type.bundle.ui-testing";
		};
/* End PBXNativeTarget section */

/* Begin PBXProject section */
		6DD795C72AFA3F3900108C59 /* Project object */ = {
			isa = PBXProject;
			attributes = {
				BuildIndependentTargetsInParallel = 1;
				LastSwiftUpdateCheck = 1500;
				LastUpgradeCheck = 1500;
				TargetAttributes = {
					6DD795CE2AFA3F3900108C59 = {
						CreatedOnToolsVersion = 15.0.1;
					};
					6DD795E02AFA3F3A00108C59 = {
						CreatedOnToolsVersion = 15.0.1;
						TestTargetID = 6DD795CE2AFA3F3900108C59;
					};
					6DD795EA2AFA3F3A00108C59 = {
						CreatedOnToolsVersion = 15.0.1;
						TestTargetID = 6DD795CE2AFA3F3900108C59;
					};
				};
			};
			buildConfigurationList = 6DD795CA2AFA3F3900108C59 /* Build configuration list for PBXProject "Black Jack CodeCamp" */;
			compatibilityVersion = "Xcode 14.0";
			developmentRegion = en;
			hasScannedForEncodings = 0;
			knownRegions = (
				en,
				Base,
			);
			mainGroup = 6DD795C62AFA3F3900108C59;
			productRefGroup = 6DD795D02AFA3F3900108C59 /* Products */;
			projectDirPath = "";
			projectRoot = "";
			targets = (
				6DD795CE2AFA3F3900108C59 /* Black Jack CodeCamp */,
				6DD795E02AFA3F3A00108C59 /* Black Jack CodeCampTests */,
				6DD795EA2AFA3F3A00108C59 /* Black Jack CodeCampUITests */,
			);
		};
/* End PBXProject section */

/* Begin PBXResourcesBuildPhase section */
		6DD795CD2AFA3F3900108C59 /* Resources */ = {
			isa = PBXResourcesBuildPhase;
			buildActionMask = 2147483647;
			files = (
				6DD795DC2AFA3F3A00108C59 /* Preview Assets.xcassets in Resources */,
				6DD795D92AFA3F3A00108C59 /* Assets.xcassets in Resources */,
			);
			runOnlyForDeploymentPostprocessing = 0;
		};
		6DD795DF2AFA3F3A00108C59 /* Resources */ = {
			isa = PBXResourcesBuildPhase;
			buildActionMask = 2147483647;
			files = (
			);
			runOnlyForDeploymentPostprocessing = 0;
		};
		6DD795E92AFA3F3A00108C59 /* Resources */ = {
			isa = PBXResourcesBuildPhase;
			buildActionMask = 2147483647;
			files = (
			);
			runOnlyForDeploymentPostprocessing = 0;
		};
/* End PBXResourcesBuildPhase section */

/* Begin PBXSourcesBuildPhase section */
		6DD795CB2AFA3F3900108C59 /* Sources */ = {
			isa = PBXSourcesBuildPhase;
			buildActionMask = 2147483647;
			files = (
				6D808B912B270BB7006C245E /* ResultType.swift in Sources */,
				6DD795D52AFA3F3900108C59 /* MainView.swift in Sources */,
				6DCB575C2B1F3AFF005E4DBD /* GameStat.swift in Sources */,
				6DD795D32AFA3F3900108C59 /* Black_Jack_CodeCampApp.swift in Sources */,
				6D9926182B14A37D00AB96D7 /* ResultView.swift in Sources */,
				6D99261B2B14A66300AB96D7 /* ResultsViewModel.swift in Sources */,
				6D99261D2B14A90E00AB96D7 /* Landmark.swift in Sources */,
			);
			runOnlyForDeploymentPostprocessing = 0;
		};
		6DD795DD2AFA3F3A00108C59 /* Sources */ = {
			isa = PBXSourcesBuildPhase;
			buildActionMask = 2147483647;
			files = (
				6DD795E62AFA3F3A00108C59 /* Black_Jack_CodeCampTests.swift in Sources */,
			);
			runOnlyForDeploymentPostprocessing = 0;
		};
		6DD795E72AFA3F3A00108C59 /* Sources */ = {
			isa = PBXSourcesBuildPhase;
			buildActionMask = 2147483647;
			files = (
				6DD795F02AFA3F3A00108C59 /* Black_Jack_CodeCampUITests.swift in Sources */,
				6DD795F22AFA3F3A00108C59 /* Black_Jack_CodeCampUITestsLaunchTests.swift in Sources */,
			);
			runOnlyForDeploymentPostprocessing = 0;
		};
/* End PBXSourcesBuildPhase section */

/* Begin PBXTargetDependency section */
		6DD795E32AFA3F3A00108C59 /* PBXTargetDependency */ = {
			isa = PBXTargetDependency;
			target = 6DD795CE2AFA3F3900108C59 /* Black Jack CodeCamp */;
			targetProxy = 6DD795E22AFA3F3A00108C59 /* PBXContainerItemProxy */;
		};
		6DD795ED2AFA3F3A00108C59 /* PBXTargetDependency */ = {
			isa = PBXTargetDependency;
			target = 6DD795CE2AFA3F3900108C59 /* Black Jack CodeCamp */;
			targetProxy = 6DD795EC2AFA3F3A00108C59 /* PBXContainerItemProxy */;
		};
/* End PBXTargetDependency section */

/* Begin XCBuildConfiguration section */
		6DD795F32AFA3F3A00108C59 /* Debug */ = {
			isa = XCBuildConfiguration;
			buildSettings = {
				ALWAYS_SEARCH_USER_PATHS = NO;
				ASSETCATALOG_COMPILER_GENERATE_SWIFT_ASSET_SYMBOL_EXTENSIONS = YES;
				CLANG_ANALYZER_NONNULL = YES;
				CLANG_ANALYZER_NUMBER_OBJECT_CONVERSION = YES_AGGRESSIVE;
				CLANG_CXX_LANGUAGE_STANDARD = "gnu++20";
				CLANG_ENABLE_MODULES = YES;
				CLANG_ENABLE_OBJC_ARC = YES;
				CLANG_ENABLE_OBJC_WEAK = YES;
				CLANG_WARN_BLOCK_CAPTURE_AUTORELEASING = YES;
				CLANG_WARN_BOOL_CONVERSION = YES;
				CLANG_WARN_COMMA = YES;
				CLANG_WARN_CONSTANT_CONVERSION = YES;
				CLANG_WARN_DEPRECATED_OBJC_IMPLEMENTATIONS = YES;
				CLANG_WARN_DIRECT_OBJC_ISA_USAGE = YES_ERROR;
				CLANG_WARN_DOCUMENTATION_COMMENTS = YES;
				CLANG_WARN_EMPTY_BODY = YES;
				CLANG_WARN_ENUM_CONVERSION = YES;
				CLANG_WARN_INFINITE_RECURSION = YES;
				CLANG_WARN_INT_CONVERSION = YES;
				CLANG_WARN_NON_LITERAL_NULL_CONVERSION = YES;
				CLANG_WARN_OBJC_IMPLICIT_RETAIN_SELF = YES;
				CLANG_WARN_OBJC_LITERAL_CONVERSION = YES;
				CLANG_WARN_OBJC_ROOT_CLASS = YES_ERROR;
				CLANG_WARN_QUOTED_INCLUDE_IN_FRAMEWORK_HEADER = YES;
				CLANG_WARN_RANGE_LOOP_ANALYSIS = YES;
				CLANG_WARN_STRICT_PROTOTYPES = YES;
				CLANG_WARN_SUSPICIOUS_MOVE = YES;
				CLANG_WARN_UNGUARDED_AVAILABILITY = YES_AGGRESSIVE;
				CLANG_WARN_UNREACHABLE_CODE = YES;
				CLANG_WARN__DUPLICATE_METHOD_MATCH = YES;
				COPY_PHASE_STRIP = NO;
				DEBUG_INFORMATION_FORMAT = dwarf;
				ENABLE_STRICT_OBJC_MSGSEND = YES;
				ENABLE_TESTABILITY = YES;
				ENABLE_USER_SCRIPT_SANDBOXING = YES;
				GCC_C_LANGUAGE_STANDARD = gnu17;
				GCC_DYNAMIC_NO_PIC = NO;
				GCC_NO_COMMON_BLOCKS = YES;
				GCC_OPTIMIZATION_LEVEL = 0;
				GCC_PREPROCESSOR_DEFINITIONS = (
					"DEBUG=1",
					"$(inherited)",
				);
				GCC_WARN_64_TO_32_BIT_CONVERSION = YES;
				GCC_WARN_ABOUT_RETURN_TYPE = YES_ERROR;
				GCC_WARN_UNDECLARED_SELECTOR = YES;
				GCC_WARN_UNINITIALIZED_AUTOS = YES_AGGRESSIVE;
				GCC_WARN_UNUSED_FUNCTION = YES;
				GCC_WARN_UNUSED_VARIABLE = YES;
				IPHONEOS_DEPLOYMENT_TARGET = 17.0;
				LOCALIZATION_PREFERS_STRING_CATALOGS = YES;
				MTL_ENABLE_DEBUG_INFO = INCLUDE_SOURCE;
				MTL_FAST_MATH = YES;
				ONLY_ACTIVE_ARCH = YES;
				SDKROOT = iphoneos;
				SWIFT_ACTIVE_COMPILATION_CONDITIONS = "DEBUG $(inherited)";
				SWIFT_OPTIMIZATION_LEVEL = "-Onone";
			};
			name = Debug;
		};
		6DD795F42AFA3F3A00108C59 /* Release */ = {
			isa = XCBuildConfiguration;
			buildSettings = {
				ALWAYS_SEARCH_USER_PATHS = NO;
				ASSETCATALOG_COMPILER_GENERATE_SWIFT_ASSET_SYMBOL_EXTENSIONS = YES;
				CLANG_ANALYZER_NONNULL = YES;
				CLANG_ANALYZER_NUMBER_OBJECT_CONVERSION = YES_AGGRESSIVE;
				CLANG_CXX_LANGUAGE_STANDARD = "gnu++20";
				CLANG_ENABLE_MODULES = YES;
				CLANG_ENABLE_OBJC_ARC = YES;
				CLANG_ENABLE_OBJC_WEAK = YES;
				CLANG_WARN_BLOCK_CAPTURE_AUTORELEASING = YES;
				CLANG_WARN_BOOL_CONVERSION = YES;
				CLANG_WARN_COMMA = YES;
				CLANG_WARN_CONSTANT_CONVERSION = YES;
				CLANG_WARN_DEPRECATED_OBJC_IMPLEMENTATIONS = YES;
				CLANG_WARN_DIRECT_OBJC_ISA_USAGE = YES_ERROR;
				CLANG_WARN_DOCUMENTATION_COMMENTS = YES;
				CLANG_WARN_EMPTY_BODY = YES;
				CLANG_WARN_ENUM_CONVERSION = YES;
				CLANG_WARN_INFINITE_RECURSION = YES;
				CLANG_WARN_INT_CONVERSION = YES;
				CLANG_WARN_NON_LITERAL_NULL_CONVERSION = YES;
				CLANG_WARN_OBJC_IMPLICIT_RETAIN_SELF = YES;
				CLANG_WARN_OBJC_LITERAL_CONVERSION = YES;
				CLANG_WARN_OBJC_ROOT_CLASS = YES_ERROR;
				CLANG_WARN_QUOTED_INCLUDE_IN_FRAMEWORK_HEADER = YES;
				CLANG_WARN_RANGE_LOOP_ANALYSIS = YES;
				CLANG_WARN_STRICT_PROTOTYPES = YES;
				CLANG_WARN_SUSPICIOUS_MOVE = YES;
				CLANG_WARN_UNGUARDED_AVAILABILITY = YES_AGGRESSIVE;
				CLANG_WARN_UNREACHABLE_CODE = YES;
				CLANG_WARN__DUPLICATE_METHOD_MATCH = YES;
				COPY_PHASE_STRIP = NO;
				DEBUG_INFORMATION_FORMAT = "dwarf-with-dsym";
				ENABLE_NS_ASSERTIONS = NO;
				ENABLE_STRICT_OBJC_MSGSEND = YES;
				ENABLE_USER_SCRIPT_SANDBOXING = YES;
				GCC_C_LANGUAGE_STANDARD = gnu17;
				GCC_NO_COMMON_BLOCKS = YES;
				GCC_WARN_64_TO_32_BIT_CONVERSION = YES;
				GCC_WARN_ABOUT_RETURN_TYPE = YES_ERROR;
				GCC_WARN_UNDECLARED_SELECTOR = YES;
				GCC_WARN_UNINITIALIZED_AUTOS = YES_AGGRESSIVE;
				GCC_WARN_UNUSED_FUNCTION = YES;
				GCC_WARN_UNUSED_VARIABLE = YES;
				IPHONEOS_DEPLOYMENT_TARGET = 17.0;
				LOCALIZATION_PREFERS_STRING_CATALOGS = YES;
				MTL_ENABLE_DEBUG_INFO = NO;
				MTL_FAST_MATH = YES;
				SDKROOT = iphoneos;
				SWIFT_COMPILATION_MODE = wholemodule;
				VALIDATE_PRODUCT = YES;
			};
			name = Release;
		};
		6DD795F62AFA3F3A00108C59 /* Debug */ = {
			isa = XCBuildConfiguration;
			buildSettings = {
				ASSETCATALOG_COMPILER_APPICON_NAME = AppIcon;
				ASSETCATALOG_COMPILER_GLOBAL_ACCENT_COLOR_NAME = AccentColor;
				CODE_SIGN_STYLE = Automatic;
				CURRENT_PROJECT_VERSION = 1;
				DEVELOPMENT_ASSET_PATHS = "\"Black Jack CodeCamp/Preview Content\"";
				ENABLE_PREVIEWS = YES;
				GENERATE_INFOPLIST_FILE = YES;
				INFOPLIST_KEY_UIApplicationSceneManifest_Generation = YES;
				INFOPLIST_KEY_UIApplicationSupportsIndirectInputEvents = YES;
				INFOPLIST_KEY_UILaunchScreen_Generation = YES;
				INFOPLIST_KEY_UISupportedInterfaceOrientations_iPad = "UIInterfaceOrientationPortrait UIInterfaceOrientationPortraitUpsideDown UIInterfaceOrientationLandscapeLeft UIInterfaceOrientationLandscapeRight";
				INFOPLIST_KEY_UISupportedInterfaceOrientations_iPhone = "UIInterfaceOrientationPortrait UIInterfaceOrientationLandscapeLeft UIInterfaceOrientationLandscapeRight";
				LD_RUNPATH_SEARCH_PATHS = (
					"$(inherited)",
					"@executable_path/Frameworks",
				);
				MARKETING_VERSION = 1.0;
				PRODUCT_BUNDLE_IDENTIFIER = "uniks.comtec.cc23.Black-Jack-CodeCamp";
				PRODUCT_NAME = "$(TARGET_NAME)";
				SWIFT_EMIT_LOC_STRINGS = YES;
				SWIFT_VERSION = 5.0;
				TARGETED_DEVICE_FAMILY = "1,2";
			};
			name = Debug;
		};
		6DD795F72AFA3F3A00108C59 /* Release */ = {
			isa = XCBuildConfiguration;
			buildSettings = {
				ASSETCATALOG_COMPILER_APPICON_NAME = AppIcon;
				ASSETCATALOG_COMPILER_GLOBAL_ACCENT_COLOR_NAME = AccentColor;
				CODE_SIGN_STYLE = Automatic;
				CURRENT_PROJECT_VERSION = 1;
				DEVELOPMENT_ASSET_PATHS = "\"Black Jack CodeCamp/Preview Content\"";
				ENABLE_PREVIEWS = YES;
				GENERATE_INFOPLIST_FILE = YES;
				INFOPLIST_KEY_UIApplicationSceneManifest_Generation = YES;
				INFOPLIST_KEY_UIApplicationSupportsIndirectInputEvents = YES;
				INFOPLIST_KEY_UILaunchScreen_Generation = YES;
				INFOPLIST_KEY_UISupportedInterfaceOrientations_iPad = "UIInterfaceOrientationPortrait UIInterfaceOrientationPortraitUpsideDown UIInterfaceOrientationLandscapeLeft UIInterfaceOrientationLandscapeRight";
				INFOPLIST_KEY_UISupportedInterfaceOrientations_iPhone = "UIInterfaceOrientationPortrait UIInterfaceOrientationLandscapeLeft UIInterfaceOrientationLandscapeRight";
				LD_RUNPATH_SEARCH_PATHS = (
					"$(inherited)",
					"@executable_path/Frameworks",
				);
				MARKETING_VERSION = 1.0;
				PRODUCT_BUNDLE_IDENTIFIER = "uniks.comtec.cc23.Black-Jack-CodeCamp";
				PRODUCT_NAME = "$(TARGET_NAME)";
				SWIFT_EMIT_LOC_STRINGS = YES;
				SWIFT_VERSION = 5.0;
				TARGETED_DEVICE_FAMILY = "1,2";
			};
			name = Release;
		};
		6DD795F92AFA3F3A00108C59 /* Debug */ = {
			isa = XCBuildConfiguration;
			buildSettings = {
				ALWAYS_EMBED_SWIFT_STANDARD_LIBRARIES = YES;
				BUNDLE_LOADER = "$(TEST_HOST)";
				CODE_SIGN_STYLE = Automatic;
				CURRENT_PROJECT_VERSION = 1;
				GENERATE_INFOPLIST_FILE = YES;
				IPHONEOS_DEPLOYMENT_TARGET = 17.0;
				MARKETING_VERSION = 1.0;
				PRODUCT_BUNDLE_IDENTIFIER = "uniks.comtec.cc23.Black-Jack-CodeCampTests";
				PRODUCT_NAME = "$(TARGET_NAME)";
				SWIFT_EMIT_LOC_STRINGS = NO;
				SWIFT_VERSION = 5.0;
				TARGETED_DEVICE_FAMILY = "1,2";
				TEST_HOST = "$(BUILT_PRODUCTS_DIR)/Black Jack CodeCamp.app/$(BUNDLE_EXECUTABLE_FOLDER_PATH)/Black Jack CodeCamp";
			};
			name = Debug;
		};
		6DD795FA2AFA3F3A00108C59 /* Release */ = {
			isa = XCBuildConfiguration;
			buildSettings = {
				ALWAYS_EMBED_SWIFT_STANDARD_LIBRARIES = YES;
				BUNDLE_LOADER = "$(TEST_HOST)";
				CODE_SIGN_STYLE = Automatic;
				CURRENT_PROJECT_VERSION = 1;
				GENERATE_INFOPLIST_FILE = YES;
				IPHONEOS_DEPLOYMENT_TARGET = 17.0;
				MARKETING_VERSION = 1.0;
				PRODUCT_BUNDLE_IDENTIFIER = "uniks.comtec.cc23.Black-Jack-CodeCampTests";
				PRODUCT_NAME = "$(TARGET_NAME)";
				SWIFT_EMIT_LOC_STRINGS = NO;
				SWIFT_VERSION = 5.0;
				TARGETED_DEVICE_FAMILY = "1,2";
				TEST_HOST = "$(BUILT_PRODUCTS_DIR)/Black Jack CodeCamp.app/$(BUNDLE_EXECUTABLE_FOLDER_PATH)/Black Jack CodeCamp";
			};
			name = Release;
		};
		6DD795FC2AFA3F3A00108C59 /* Debug */ = {
			isa = XCBuildConfiguration;
			buildSettings = {
				ALWAYS_EMBED_SWIFT_STANDARD_LIBRARIES = YES;
				CODE_SIGN_STYLE = Automatic;
				CURRENT_PROJECT_VERSION = 1;
				GENERATE_INFOPLIST_FILE = YES;
				MARKETING_VERSION = 1.0;
				PRODUCT_BUNDLE_IDENTIFIER = "uniks.comtec.cc23.Black-Jack-CodeCampUITests";
				PRODUCT_NAME = "$(TARGET_NAME)";
				SWIFT_EMIT_LOC_STRINGS = NO;
				SWIFT_VERSION = 5.0;
				TARGETED_DEVICE_FAMILY = "1,2";
				TEST_TARGET_NAME = "Black Jack CodeCamp";
			};
			name = Debug;
		};
		6DD795FD2AFA3F3A00108C59 /* Release */ = {
			isa = XCBuildConfiguration;
			buildSettings = {
				ALWAYS_EMBED_SWIFT_STANDARD_LIBRARIES = YES;
				CODE_SIGN_STYLE = Automatic;
				CURRENT_PROJECT_VERSION = 1;
				GENERATE_INFOPLIST_FILE = YES;
				MARKETING_VERSION = 1.0;
				PRODUCT_BUNDLE_IDENTIFIER = "uniks.comtec.cc23.Black-Jack-CodeCampUITests";
				PRODUCT_NAME = "$(TARGET_NAME)";
				SWIFT_EMIT_LOC_STRINGS = NO;
				SWIFT_VERSION = 5.0;
				TARGETED_DEVICE_FAMILY = "1,2";
				TEST_TARGET_NAME = "Black Jack CodeCamp";
			};
			name = Release;
		};
/* End XCBuildConfiguration section */

/* Begin XCConfigurationList section */
		6DD795CA2AFA3F3900108C59 /* Build configuration list for PBXProject "Black Jack CodeCamp" */ = {
			isa = XCConfigurationList;
			buildConfigurations = (
				6DD795F32AFA3F3A00108C59 /* Debug */,
				6DD795F42AFA3F3A00108C59 /* Release */,
			);
			defaultConfigurationIsVisible = 0;
			defaultConfigurationName = Release;
		};
		6DD795F52AFA3F3A00108C59 /* Build configuration list for PBXNativeTarget "Black Jack CodeCamp" */ = {
			isa = XCConfigurationList;
			buildConfigurations = (
				6DD795F62AFA3F3A00108C59 /* Debug */,
				6DD795F72AFA3F3A00108C59 /* Release */,
			);
			defaultConfigurationIsVisible = 0;
			defaultConfigurationName = Release;
		};
		6DD795F82AFA3F3A00108C59 /* Build configuration list for PBXNativeTarget "Black Jack CodeCampTests" */ = {
			isa = XCConfigurationList;
			buildConfigurations = (
				6DD795F92AFA3F3A00108C59 /* Debug */,
				6DD795FA2AFA3F3A00108C59 /* Release */,
			);
			defaultConfigurationIsVisible = 0;
			defaultConfigurationName = Release;
		};
		6DD795FB2AFA3F3A00108C59 /* Build configuration list for PBXNativeTarget "Black Jack CodeCampUITests" */ = {
			isa = XCConfigurationList;
			buildConfigurations = (
				6DD795FC2AFA3F3A00108C59 /* Debug */,
				6DD795FD2AFA3F3A00108C59 /* Release */,
			);
			defaultConfigurationIsVisible = 0;
			defaultConfigurationName = Release;
		};
/* End XCConfigurationList section */
	};
	rootObject = 6DD795C72AFA3F3900108C59 /* Project object */;
}
